
Microsoft Visual Studio Solution File, Format Version 9.00
# Visual Studio 2005
Project("{8BC9CEB8-8B4A-11D0-8D11-00A0C91BC942}") = "cv_img2xml", "cv_img2xml.vcproj", "{11279527-58B5-423C-99FD-F9B724561E1F}"
EndProject
Global
	GlobalSection(SolutionConfigurationPlatforms) = preSolution
		Debug|Win32 = Debug|Win32
		Release|Win32 = Release|Win32
	EndGlobalSection
	GlobalSection(ProjectConfigurationPlatforms) = postSolution
		{11279527-58B5-423C-99FD-F9B724561E1F}.Debug|Win32.ActiveCfg = Debug|Win32
		{11279527-58B5-423C-99FD-F9B724561E1F}.Debug|Win32.Build.0 = Debug|Win32
		{11279527-58B5-423C-99FD-F9B724561E1F}.Release|Win32.ActiveCfg = Release|Win32
		{11279527-58B5-423C-99FD-F9B724561E1F}.Release|Win32.Build.0 = Release|Win32
	EndGlobalSection
	GlobalSection(SolutionProperties) = preSolution
		HideSolutionNode = FALSE
	EndGlobalSection
EndGlobal
